// !$*UTF8*$!
{
	archiveVersion = 1;
	classes = {
	};
	objectVersion = 46;
	objects = {

/* Begin PBXBuildFile section */
		C02AB8FD14BC604900DBEC3A /* UIKit.framework in Frameworks */ = {isa = PBXBuildFile; fileRef = C02AB8FC14BC604900DBEC3A /* UIKit.framework */; };
		C02AB8FF14BC604900DBEC3A /* Foundation.framework in Frameworks */ = {isa = PBXBuildFile; fileRef = C02AB8FE14BC604900DBEC3A /* Foundation.framework */; };
		C02AB90114BC604900DBEC3A /* CoreGraphics.framework in Frameworks */ = {isa = PBXBuildFile; fileRef = C02AB90014BC604900DBEC3A /* CoreGraphics.framework */; };
		C02AB90714BC604900DBEC3A /* InfoPlist.strings in Resources */ = {isa = PBXBuildFile; fileRef = C02AB90514BC604900DBEC3A /* InfoPlist.strings */; };
		C02AB90914BC604900DBEC3A /* main.m in Sources */ = {isa = PBXBuildFile; fileRef = C02AB90814BC604900DBEC3A /* main.m */; };
		C02AB90D14BC604900DBEC3A /* AppDelegate.m in Sources */ = {isa = PBXBuildFile; fileRef = C02AB90C14BC604900DBEC3A /* AppDelegate.m */; };
		C02AB91014BC604900DBEC3A /* ViewController.m in Sources */ = {isa = PBXBuildFile; fileRef = C02AB90F14BC604900DBEC3A /* ViewController.m */; };
		C02AB91314BC604900DBEC3A /* ViewController.xib in Resources */ = {isa = PBXBuildFile; fileRef = C02AB91114BC604900DBEC3A /* ViewController.xib */; };
		C02AB9C414BC626100DBEC3A /* AFHTTPClient.m in Sources */ = {isa = PBXBuildFile; fileRef = C02AB9AF14BC626100DBEC3A /* AFHTTPClient.m */; };
		C02AB9C514BC626100DBEC3A /* AFHTTPRequestOperation.m in Sources */ = {isa = PBXBuildFile; fileRef = C02AB9B114BC626100DBEC3A /* AFHTTPRequestOperation.m */; };
		C02AB9C614BC626100DBEC3A /* AFImageCache.m in Sources */ = {isa = PBXBuildFile; fileRef = C02AB9B314BC626100DBEC3A /* AFImageCache.m */; };
		C02AB9C714BC626100DBEC3A /* AFImageRequestOperation.m in Sources */ = {isa = PBXBuildFile; fileRef = C02AB9B514BC626100DBEC3A /* AFImageRequestOperation.m */; };
		C02AB9C814BC626100DBEC3A /* AFJSONRequestOperation.m in Sources */ = {isa = PBXBuildFile; fileRef = C02AB9B714BC626100DBEC3A /* AFJSONRequestOperation.m */; };
		C02AB9C914BC626100DBEC3A /* AFNetworkActivityIndicatorManager.m in Sources */ = {isa = PBXBuildFile; fileRef = C02AB9BA14BC626100DBEC3A /* AFNetworkActivityIndicatorManager.m */; };
		C02AB9CA14BC626100DBEC3A /* AFPropertyListRequestOperation.m in Sources */ = {isa = PBXBuildFile; fileRef = C02AB9BD14BC626100DBEC3A /* AFPropertyListRequestOperation.m */; };
		C02AB9CB14BC626100DBEC3A /* AFURLConnectionOperation.m in Sources */ = {isa = PBXBuildFile; fileRef = C02AB9BF14BC626100DBEC3A /* AFURLConnectionOperation.m */; };
		C02AB9CC14BC626100DBEC3A /* AFXMLRequestOperation.m in Sources */ = {isa = PBXBuildFile; fileRef = C02AB9C114BC626100DBEC3A /* AFXMLRequestOperation.m */; };
		C02AB9CD14BC626100DBEC3A /* UIImageView+AFNetworking.m in Sources */ = {isa = PBXBuildFile; fileRef = C02AB9C314BC626100DBEC3A /* UIImageView+AFNetworking.m */; };
/* End PBXBuildFile section */

/* Begin PBXFileReference section */
		C02AB8F814BC604900DBEC3A /* PruebaSub.app */ = {isa = PBXFileReference; explicitFileType = wrapper.application; includeInIndex = 0; path = PruebaSub.app; sourceTree = BUILT_PRODUCTS_DIR; };
		C02AB8FC14BC604900DBEC3A /* UIKit.framework */ = {isa = PBXFileReference; lastKnownFileType = wrapper.framework; name = UIKit.framework; path = System/Library/Frameworks/UIKit.framework; sourceTree = SDKROOT; };
		C02AB8FE14BC604900DBEC3A /* Foundation.framework */ = {isa = PBXFileReference; lastKnownFileType = wrapper.framework; name = Foundation.framework; path = System/Library/Frameworks/Foundation.framework; sourceTree = SDKROOT; };
		C02AB90014BC604900DBEC3A /* CoreGraphics.framework */ = {isa = PBXFileReference; lastKnownFileType = wrapper.framework; name = CoreGraphics.framework; path = System/Library/Frameworks/CoreGraphics.framework; sourceTree = SDKROOT; };
		C02AB90414BC604900DBEC3A /* PruebaSub-Info.plist */ = {isa = PBXFileReference; lastKnownFileType = text.plist.xml; path = "PruebaSub-Info.plist"; sourceTree = "<group>"; };
		C02AB90614BC604900DBEC3A /* en */ = {isa = PBXFileReference; lastKnownFileType = text.plist.strings; name = en; path = en.lproj/InfoPlist.strings; sourceTree = "<group>"; };
		C02AB90814BC604900DBEC3A /* main.m */ = {isa = PBXFileReference; lastKnownFileType = sourcecode.c.objc; path = main.m; sourceTree = "<group>"; };
		C02AB90A14BC604900DBEC3A /* PruebaSub-Prefix.pch */ = {isa = PBXFileReference; lastKnownFileType = sourcecode.c.h; path = "PruebaSub-Prefix.pch"; sourceTree = "<group>"; };
		C02AB90B14BC604900DBEC3A /* AppDelegate.h */ = {isa = PBXFileReference; lastKnownFileType = sourcecode.c.h; path = AppDelegate.h; sourceTree = "<group>"; };
		C02AB90C14BC604900DBEC3A /* AppDelegate.m */ = {isa = PBXFileReference; lastKnownFileType = sourcecode.c.objc; path = AppDelegate.m; sourceTree = "<group>"; };
		C02AB90E14BC604900DBEC3A /* ViewController.h */ = {isa = PBXFileReference; lastKnownFileType = sourcecode.c.h; path = ViewController.h; sourceTree = "<group>"; };
		C02AB90F14BC604900DBEC3A /* ViewController.m */ = {isa = PBXFileReference; lastKnownFileType = sourcecode.c.objc; path = ViewController.m; sourceTree = "<group>"; };
		C02AB91214BC604900DBEC3A /* en */ = {isa = PBXFileReference; lastKnownFileType = file.xib; name = en; path = en.lproj/ViewController.xib; sourceTree = "<group>"; };
		C02AB9AE14BC626100DBEC3A /* AFHTTPClient.h */ = {isa = PBXFileReference; fileEncoding = 4; lastKnownFileType = sourcecode.c.h; path = AFHTTPClient.h; sourceTree = "<group>"; };
		C02AB9AF14BC626100DBEC3A /* AFHTTPClient.m */ = {isa = PBXFileReference; fileEncoding = 4; lastKnownFileType = sourcecode.c.objc; path = AFHTTPClient.m; sourceTree = "<group>"; };
		C02AB9B014BC626100DBEC3A /* AFHTTPRequestOperation.h */ = {isa = PBXFileReference; fileEncoding = 4; lastKnownFileType = sourcecode.c.h; path = AFHTTPRequestOperation.h; sourceTree = "<group>"; };
		C02AB9B114BC626100DBEC3A /* AFHTTPRequestOperation.m */ = {isa = PBXFileReference; fileEncoding = 4; lastKnownFileType = sourcecode.c.objc; path = AFHTTPRequestOperation.m; sourceTree = "<group>"; };
		C02AB9B214BC626100DBEC3A /* AFImageCache.h */ = {isa = PBXFileReference; fileEncoding = 4; lastKnownFileType = sourcecode.c.h; path = AFImageCache.h; sourceTree = "<group>"; };
		C02AB9B314BC626100DBEC3A /* AFImageCache.m */ = {isa = PBXFileReference; fileEncoding = 4; lastKnownFileType = sourcecode.c.objc; path = AFImageCache.m; sourceTree = "<group>"; };
		C02AB9B414BC626100DBEC3A /* AFImageRequestOperation.h */ = {isa = PBXFileReference; fileEncoding = 4; lastKnownFileType = sourcecode.c.h; path = AFImageRequestOperation.h; sourceTree = "<group>"; };
		C02AB9B514BC626100DBEC3A /* AFImageRequestOperation.m */ = {isa = PBXFileReference; fileEncoding = 4; lastKnownFileType = sourcecode.c.objc; path = AFImageRequestOperation.m; sourceTree = "<group>"; };
		C02AB9B614BC626100DBEC3A /* AFJSONRequestOperation.h */ = {isa = PBXFileReference; fileEncoding = 4; lastKnownFileType = sourcecode.c.h; path = AFJSONRequestOperation.h; sourceTree = "<group>"; };
		C02AB9B714BC626100DBEC3A /* AFJSONRequestOperation.m */ = {isa = PBXFileReference; fileEncoding = 4; lastKnownFileType = sourcecode.c.objc; path = AFJSONRequestOperation.m; sourceTree = "<group>"; };
		C02AB9B814BC626100DBEC3A /* AFJSONUtilities.h */ = {isa = PBXFileReference; fileEncoding = 4; lastKnownFileType = sourcecode.c.h; path = AFJSONUtilities.h; sourceTree = "<group>"; };
		C02AB9B914BC626100DBEC3A /* AFNetworkActivityIndicatorManager.h */ = {isa = PBXFileReference; fileEncoding = 4; lastKnownFileType = sourcecode.c.h; path = AFNetworkActivityIndicatorManager.h; sourceTree = "<group>"; };
		C02AB9BA14BC626100DBEC3A /* AFNetworkActivityIndicatorManager.m */ = {isa = PBXFileReference; fileEncoding = 4; lastKnownFileType = sourcecode.c.objc; path = AFNetworkActivityIndicatorManager.m; sourceTree = "<group>"; };
		C02AB9BB14BC626100DBEC3A /* AFNetworking.h */ = {isa = PBXFileReference; fileEncoding = 4; lastKnownFileType = sourcecode.c.h; path = AFNetworking.h; sourceTree = "<group>"; };
		C02AB9BC14BC626100DBEC3A /* AFPropertyListRequestOperation.h */ = {isa = PBXFileReference; fileEncoding = 4; lastKnownFileType = sourcecode.c.h; path = AFPropertyListRequestOperation.h; sourceTree = "<group>"; };
		C02AB9BD14BC626100DBEC3A /* AFPropertyListRequestOperation.m */ = {isa = PBXFileReference; fileEncoding = 4; lastKnownFileType = sourcecode.c.objc; path = AFPropertyListRequestOperation.m; sourceTree = "<group>"; };
		C02AB9BE14BC626100DBEC3A /* AFURLConnectionOperation.h */ = {isa = PBXFileReference; fileEncoding = 4; lastKnownFileType = sourcecode.c.h; path = AFURLConnectionOperation.h; sourceTree = "<group>"; };
		C02AB9BF14BC626100DBEC3A /* AFURLConnectionOperation.m */ = {isa = PBXFileReference; fileEncoding = 4; lastKnownFileType = sourcecode.c.objc; path = AFURLConnectionOperation.m; sourceTree = "<group>"; };
		C02AB9C014BC626100DBEC3A /* AFXMLRequestOperation.h */ = {isa = PBXFileReference; fileEncoding = 4; lastKnownFileType = sourcecode.c.h; path = AFXMLRequestOperation.h; sourceTree = "<group>"; };
		C02AB9C114BC626100DBEC3A /* AFXMLRequestOperation.m */ = {isa = PBXFileReference; fileEncoding = 4; lastKnownFileType = sourcecode.c.objc; path = AFXMLRequestOperation.m; sourceTree = "<group>"; };
		C02AB9C214BC626100DBEC3A /* UIImageView+AFNetworking.h */ = {isa = PBXFileReference; fileEncoding = 4; lastKnownFileType = sourcecode.c.h; path = "UIImageView+AFNetworking.h"; sourceTree = "<group>"; };
		C02AB9C314BC626100DBEC3A /* UIImageView+AFNetworking.m */ = {isa = PBXFileReference; fileEncoding = 4; lastKnownFileType = sourcecode.c.objc; path = "UIImageView+AFNetworking.m"; sourceTree = "<group>"; };
/* End PBXFileReference section */

/* Begin PBXFrameworksBuildPhase section */
		C02AB8F514BC604900DBEC3A /* Frameworks */ = {
			isa = PBXFrameworksBuildPhase;
			buildActionMask = 2147483647;
			files = (
				C02AB8FD14BC604900DBEC3A /* UIKit.framework in Frameworks */,
				C02AB8FF14BC604900DBEC3A /* Foundation.framework in Frameworks */,
				C02AB90114BC604900DBEC3A /* CoreGraphics.framework in Frameworks */,
			);
			runOnlyForDeploymentPostprocessing = 0;
		};
/* End PBXFrameworksBuildPhase section */

/* Begin PBXGroup section */
		C02AB8ED14BC604900DBEC3A = {
			isa = PBXGroup;
			children = (
				C02AB9AD14BC626100DBEC3A /* AFNetworking */,
				C02AB90214BC604900DBEC3A /* PruebaSub */,
				C02AB8FB14BC604900DBEC3A /* Frameworks */,
				C02AB8F914BC604900DBEC3A /* Products */,
			);
			sourceTree = "<group>";
		};
		C02AB8F914BC604900DBEC3A /* Products */ = {
			isa = PBXGroup;
			children = (
				C02AB8F814BC604900DBEC3A /* PruebaSub.app */,
			);
			name = Products;
			sourceTree = "<group>";
		};
		C02AB8FB14BC604900DBEC3A /* Frameworks */ = {
			isa = PBXGroup;
			children = (
				C02AB8FC14BC604900DBEC3A /* UIKit.framework */,
				C02AB8FE14BC604900DBEC3A /* Foundation.framework */,
				C02AB90014BC604900DBEC3A /* CoreGraphics.framework */,
			);
			name = Frameworks;
			sourceTree = "<group>";
		};
		C02AB90214BC604900DBEC3A /* PruebaSub */ = {
			isa = PBXGroup;
			children = (
				C02AB90B14BC604900DBEC3A /* AppDelegate.h */,
				C02AB90C14BC604900DBEC3A /* AppDelegate.m */,
				C02AB90E14BC604900DBEC3A /* ViewController.h */,
				C02AB90F14BC604900DBEC3A /* ViewController.m */,
				C02AB91114BC604900DBEC3A /* ViewController.xib */,
				C02AB90314BC604900DBEC3A /* Supporting Files */,
			);
			path = PruebaSub;
			sourceTree = "<group>";
		};
		C02AB90314BC604900DBEC3A /* Supporting Files */ = {
			isa = PBXGroup;
			children = (
				C02AB90414BC604900DBEC3A /* PruebaSub-Info.plist */,
				C02AB90514BC604900DBEC3A /* InfoPlist.strings */,
				C02AB90814BC604900DBEC3A /* main.m */,
				C02AB90A14BC604900DBEC3A /* PruebaSub-Prefix.pch */,
			);
			name = "Supporting Files";
			sourceTree = "<group>";
		};
		C02AB9AD14BC626100DBEC3A /* AFNetworking */ = {
			isa = PBXGroup;
			children = (
				C02AB9AE14BC626100DBEC3A /* AFHTTPClient.h */,
				C02AB9AF14BC626100DBEC3A /* AFHTTPClient.m */,
				C02AB9B014BC626100DBEC3A /* AFHTTPRequestOperation.h */,
				C02AB9B114BC626100DBEC3A /* AFHTTPRequestOperation.m */,
				C02AB9B214BC626100DBEC3A /* AFImageCache.h */,
				C02AB9B314BC626100DBEC3A /* AFImageCache.m */,
				C02AB9B414BC626100DBEC3A /* AFImageRequestOperation.h */,
				C02AB9B514BC626100DBEC3A /* AFImageRequestOperation.m */,
				C02AB9B614BC626100DBEC3A /* AFJSONRequestOperation.h */,
				C02AB9B714BC626100DBEC3A /* AFJSONRequestOperation.m */,
				C02AB9B814BC626100DBEC3A /* AFJSONUtilities.h */,
				C02AB9B914BC626100DBEC3A /* AFNetworkActivityIndicatorManager.h */,
				C02AB9BA14BC626100DBEC3A /* AFNetworkActivityIndicatorManager.m */,
				C02AB9BB14BC626100DBEC3A /* AFNetworking.h */,
				C02AB9BC14BC626100DBEC3A /* AFPropertyListRequestOperation.h */,
				C02AB9BD14BC626100DBEC3A /* AFPropertyListRequestOperation.m */,
				C02AB9BE14BC626100DBEC3A /* AFURLConnectionOperation.h */,
				C02AB9BF14BC626100DBEC3A /* AFURLConnectionOperation.m */,
				C02AB9C014BC626100DBEC3A /* AFXMLRequestOperation.h */,
				C02AB9C114BC626100DBEC3A /* AFXMLRequestOperation.m */,
				C02AB9C214BC626100DBEC3A /* UIImageView+AFNetworking.h */,
				C02AB9C314BC626100DBEC3A /* UIImageView+AFNetworking.m */,
			);
			name = AFNetworking;
			path = ../AFNetworking/AFNetworking;
			sourceTree = "<group>";
		};
/* End PBXGroup section */

/* Begin PBXNativeTarget section */
		C02AB8F714BC604900DBEC3A /* PruebaSub */ = {
			isa = PBXNativeTarget;
			buildConfigurationList = C02AB91614BC604900DBEC3A /* Build configuration list for PBXNativeTarget "PruebaSub" */;
			buildPhases = (
				C02AB8F414BC604900DBEC3A /* Sources */,
				C02AB8F514BC604900DBEC3A /* Frameworks */,
				C02AB8F614BC604900DBEC3A /* Resources */,
			);
			buildRules = (
			);
			dependencies = (
			);
			name = PruebaSub;
			productName = PruebaSub;
			productReference = C02AB8F814BC604900DBEC3A /* PruebaSub.app */;
			productType = "com.apple.product-type.application";
		};
/* End PBXNativeTarget section */

/* Begin PBXProject section */
		C02AB8EF14BC604900DBEC3A /* Project object */ = {
			isa = PBXProject;
			attributes = {
				LastUpgradeCheck = 0420;
			};
			buildConfigurationList = C02AB8F214BC604900DBEC3A /* Build configuration list for PBXProject "PruebaSub" */;
			compatibilityVersion = "Xcode 3.2";
			developmentRegion = English;
			hasScannedForEncodings = 0;
			knownRegions = (
				en,
			);
			mainGroup = C02AB8ED14BC604900DBEC3A;
			productRefGroup = C02AB8F914BC604900DBEC3A /* Products */;
			projectDirPath = "";
			projectRoot = "";
			targets = (
				C02AB8F714BC604900DBEC3A /* PruebaSub */,
			);
		};
/* End PBXProject section */

/* Begin PBXResourcesBuildPhase section */
		C02AB8F614BC604900DBEC3A /* Resources */ = {
			isa = PBXResourcesBuildPhase;
			buildActionMask = 2147483647;
			files = (
				C02AB90714BC604900DBEC3A /* InfoPlist.strings in Resources */,
				C02AB91314BC604900DBEC3A /* ViewController.xib in Resources */,
			);
			runOnlyForDeploymentPostprocessing = 0;
		};
/* End PBXResourcesBuildPhase section */

/* Begin PBXSourcesBuildPhase section */
		C02AB8F414BC604900DBEC3A /* Sources */ = {
			isa = PBXSourcesBuildPhase;
			buildActionMask = 2147483647;
			files = (
				C02AB90914BC604900DBEC3A /* main.m in Sources */,
				C02AB90D14BC604900DBEC3A /* AppDelegate.m in Sources */,
				C02AB91014BC604900DBEC3A /* ViewController.m in Sources */,
				C02AB9C414BC626100DBEC3A /* AFHTTPClient.m in Sources */,
				C02AB9C514BC626100DBEC3A /* AFHTTPRequestOperation.m in Sources */,
				C02AB9C614BC626100DBEC3A /* AFImageCache.m in Sources */,
				C02AB9C714BC626100DBEC3A /* AFImageRequestOperation.m in Sources */,
				C02AB9C814BC626100DBEC3A /* AFJSONRequestOperation.m in Sources */,
				C02AB9C914BC626100DBEC3A /* AFNetworkActivityIndicatorManager.m in Sources */,
				C02AB9CA14BC626100DBEC3A /* AFPropertyListRequestOperation.m in Sources */,
				C02AB9CB14BC626100DBEC3A /* AFURLConnectionOperation.m in Sources */,
				C02AB9CC14BC626100DBEC3A /* AFXMLRequestOperation.m in Sources */,
				C02AB9CD14BC626100DBEC3A /* UIImageView+AFNetworking.m in Sources */,
			);
			runOnlyForDeploymentPostprocessing = 0;
		};
/* End PBXSourcesBuildPhase section */

/* Begin PBXVariantGroup section */
		C02AB90514BC604900DBEC3A /* InfoPlist.strings */ = {
			isa = PBXVariantGroup;
			children = (
				C02AB90614BC604900DBEC3A /* en */,
			);
			name = InfoPlist.strings;
			sourceTree = "<group>";
		};
		C02AB91114BC604900DBEC3A /* ViewController.xib */ = {
			isa = PBXVariantGroup;
			children = (
				C02AB91214BC604900DBEC3A /* en */,
			);
			name = ViewController.xib;
			sourceTree = "<group>";
		};
/* End PBXVariantGroup section */

/* Begin XCBuildConfiguration section */
		C02AB91414BC604900DBEC3A /* Debug */ = {
			isa = XCBuildConfiguration;
			buildSettings = {
				ALWAYS_SEARCH_USER_PATHS = NO;
				ARCHS = "$(ARCHS_STANDARD_32_BIT)";
				"CODE_SIGN_IDENTITY[sdk=iphoneos*]" = "iPhone Developer";
				COPY_PHASE_STRIP = NO;
				GCC_C_LANGUAGE_STANDARD = gnu99;
				GCC_DYNAMIC_NO_PIC = NO;
				GCC_OPTIMIZATION_LEVEL = 0;
				GCC_PREPROCESSOR_DEFINITIONS = (
					"DEBUG=1",
					"$(inherited)",
				);
				GCC_SYMBOLS_PRIVATE_EXTERN = NO;
				GCC_VERSION = com.apple.compilers.llvm.clang.1_0;
				GCC_WARN_ABOUT_MISSING_PROTOTYPES = YES;
				GCC_WARN_ABOUT_RETURN_TYPE = YES;
				GCC_WARN_UNUSED_VARIABLE = YES;
				IPHONEOS_DEPLOYMENT_TARGET = 5.0;
				SDKROOT = iphoneos;
			};
			name = Debug;
		};
		C02AB91514BC604900DBEC3A /* Release */ = {
			isa = XCBuildConfiguration;
			buildSettings = {
				ALWAYS_SEARCH_USER_PATHS = NO;
				ARCHS = "$(ARCHS_STANDARD_32_BIT)";
				"CODE_SIGN_IDENTITY[sdk=iphoneos*]" = "iPhone Developer";
				COPY_PHASE_STRIP = YES;
				GCC_C_LANGUAGE_STANDARD = gnu99;
				GCC_VERSION = com.apple.compilers.llvm.clang.1_0;
				GCC_WARN_ABOUT_MISSING_PROTOTYPES = YES;
				GCC_WARN_ABOUT_RETURN_TYPE = YES;
				GCC_WARN_UNUSED_VARIABLE = YES;
				IPHONEOS_DEPLOYMENT_TARGET = 5.0;
				OTHER_CFLAGS = "-DNS_BLOCK_ASSERTIONS=1";
				SDKROOT = iphoneos;
				VALIDATE_PRODUCT = YES;
			};
			name = Release;
		};
		C02AB91714BC604900DBEC3A /* Debug */ = {
			isa = XCBuildConfiguration;
			buildSettings = {
				GCC_PRECOMPILE_PREFIX_HEADER = YES;
				GCC_PREFIX_HEADER = "PruebaSub/PruebaSub-Prefix.pch";
				INFOPLIST_FILE = "PruebaSub/PruebaSub-Info.plist";
				PRODUCT_NAME = "$(TARGET_NAME)";
				WRAPPER_EXTENSION = app;
			};
			name = Debug;
		};
		C02AB91814BC604900DBEC3A /* Release */ = {
			isa = XCBuildConfiguration;
			buildSettings = {
				GCC_PRECOMPILE_PREFIX_HEADER = YES;
				GCC_PREFIX_HEADER = "PruebaSub/PruebaSub-Prefix.pch";
				INFOPLIST_FILE = "PruebaSub/PruebaSub-Info.plist";
				PRODUCT_NAME = "$(TARGET_NAME)";
				WRAPPER_EXTENSION = app;
			};
			name = Release;
		};
/* End XCBuildConfiguration section */

/* Begin XCConfigurationList section */
		C02AB8F214BC604900DBEC3A /* Build configuration list for PBXProject "PruebaSub" */ = {
			isa = XCConfigurationList;
			buildConfigurations = (
				C02AB91414BC604900DBEC3A /* Debug */,
				C02AB91514BC604900DBEC3A /* Release */,
			);
			defaultConfigurationIsVisible = 0;
			defaultConfigurationName = Release;
		};
		C02AB91614BC604900DBEC3A /* Build configuration list for PBXNativeTarget "PruebaSub" */ = {
			isa = XCConfigurationList;
			buildConfigurations = (
				C02AB91714BC604900DBEC3A /* Debug */,
				C02AB91814BC604900DBEC3A /* Release */,
			);
			defaultConfigurationIsVisible = 0;
		};
/* End XCConfigurationList section */
	};
	rootObject = C02AB8EF14BC604900DBEC3A /* Project object */;
}
